
Microsoft Visual Studio Solution File, Format Version 12.00
# Visual Studio Version 17
VisualStudioVersion = 17.2.32526.322
MinimumVisualStudioVersion = 10.0.40219.1
Project("{9A19103F-16F7-4668-BE54-9A1E7A4F7556}") = "Ch01", "Ch01\Ch01.csproj", "{9BFA067D-5ED5-4B36-8A22-D2BC987B90B5}"
EndProject
Project("{9A19103F-16F7-4668-BE54-9A1E7A4F7556}") = "Ch02", "Ch02\Ch02.csproj", "{46804E64-63A3-4197-91BF-7749406CB31A}"
EndProject
Project("{9A19103F-16F7-4668-BE54-9A1E7A4F7556}") = "Book", "Book\Book.csproj", "{F1501757-7D34-4872-847F-5015F4962433}"
EndProject
Project("{9A19103F-16F7-4668-BE54-9A1E7A4F7556}") = "Ch03", "Ch03\Ch03.csproj", "{4D1F38BE-2429-42F3-92ED-A0034480C999}"
EndProject
Project("{9A19103F-16F7-4668-BE54-9A1E7A4F7556}") = "Ch04", "Ch04\Ch04.csproj", "{BA68B96D-F453-480B-8B59-BD4E48EF833A}"
EndProject
Project("{9A19103F-16F7-4668-BE54-9A1E7A4F7556}") = "Ch05", "Ch05\Ch05.csproj", "{47415D93-9DEC-4AC3-B6AF-D4FDC80CB93D}"
EndProject
Project("{9A19103F-16F7-4668-BE54-9A1E7A4F7556}") = "Test", "Test\Test.csproj", "{50CFF5DF-2B36-47C7-B12F-E9EBFFDF75EA}"
EndProject
Project("{9A19103F-16F7-4668-BE54-9A1E7A4F7556}") = "Ch06", "Ch06\Ch06.csproj", "{D2BB5366-1B9E-45EF-B97C-26FE29B6A0F1}"
EndProject
Project("{9A19103F-16F7-4668-BE54-9A1E7A4F7556}") = "Ch07", "Ch07\Ch07.csproj", "{8EFF3FE8-D464-4451-9F75-536B9C3DAACB}"
EndProject
Project("{9A19103F-16F7-4668-BE54-9A1E7A4F7556}") = "Ch08", "Ch08\Ch08.csproj", "{AD73A449-52D9-4A2D-A2A4-2E3718BA4AA3}"
EndProject
Project("{9A19103F-16F7-4668-BE54-9A1E7A4F7556}") = "Ch09", "Ch09\Ch09.csproj", "{693AA58B-C11D-41DE-B2E6-4A67D9DA6BF2}"
EndProject
Project("{9A19103F-16F7-4668-BE54-9A1E7A4F7556}") = "Ch10", "Ch10\Ch10.csproj", "{8C920A13-82FB-4528-A5A7-7A86F99AE38B}"
EndProject
Project("{9A19103F-16F7-4668-BE54-9A1E7A4F7556}") = "Ch11", "Ch11\Ch11.csproj", "{A43594D7-9B74-42F6-89A4-55824ACFE446}"
EndProject
Project("{FAE04EC0-301F-11D3-BF4B-00C04F79EFBC}") = "Project1", "Project1\Project1.csproj", "{6B5C0A75-699A-4636-A60B-4604FB5185A6}"
EndProject
Project("{FAE04EC0-301F-11D3-BF4B-00C04F79EFBC}") = "Project2", "Project2\Project2.csproj", "{877AE2C1-1F62-4CF9-97B4-6E58A92333AF}"
EndProject
Global
	GlobalSection(SolutionConfigurationPlatforms) = preSolution
		Debug|Any CPU = Debug|Any CPU
		Release|Any CPU = Release|Any CPU
	EndGlobalSection
	GlobalSection(ProjectConfigurationPlatforms) = postSolution
		{9BFA067D-5ED5-4B36-8A22-D2BC987B90B5}.Debug|Any CPU.ActiveCfg = Debug|Any CPU
		{9BFA067D-5ED5-4B36-8A22-D2BC987B90B5}.Debug|Any CPU.Build.0 = Debug|Any CPU
		{9BFA067D-5ED5-4B36-8A22-D2BC987B90B5}.Release|Any CPU.ActiveCfg = Release|Any CPU
		{9BFA067D-5ED5-4B36-8A22-D2BC987B90B5}.Release|Any CPU.Build.0 = Release|Any CPU
		{46804E64-63A3-4197-91BF-7749406CB31A}.Debug|Any CPU.ActiveCfg = Debug|Any CPU
		{46804E64-63A3-4197-91BF-7749406CB31A}.Debug|Any CPU.Build.0 = Debug|Any CPU
		{46804E64-63A3-4197-91BF-7749406CB31A}.Release|Any CPU.ActiveCfg = Release|Any CPU
		{46804E64-63A3-4197-91BF-7749406CB31A}.Release|Any CPU.Build.0 = Release|Any CPU
		{F1501757-7D34-4872-847F-5015F4962433}.Debug|Any CPU.ActiveCfg = Debug|Any CPU
		{F1501757-7D34-4872-847F-5015F4962433}.Debug|Any CPU.Build.0 = Debug|Any CPU
		{F1501757-7D34-4872-847F-5015F4962433}.Release|Any CPU.ActiveCfg = Release|Any CPU
		{F1501757-7D34-4872-847F-5015F4962433}.Release|Any CPU.Build.0 = Release|Any CPU
		{4D1F38BE-2429-42F3-92ED-A0034480C999}.Debug|Any CPU.ActiveCfg = Debug|Any CPU
		{4D1F38BE-2429-42F3-92ED-A0034480C999}.Debug|Any CPU.Build.0 = Debug|Any CPU
		{4D1F38BE-2429-42F3-92ED-A0034480C999}.Release|Any CPU.ActiveCfg = Release|Any CPU
		{4D1F38BE-2429-42F3-92ED-A0034480C999}.Release|Any CPU.Build.0 = Release|Any CPU
		{BA68B96D-F453-480B-8B59-BD4E48EF833A}.Debug|Any CPU.ActiveCfg = Debug|Any CPU
		{BA68B96D-F453-480B-8B59-BD4E48EF833A}.Debug|Any CPU.Build.0 = Debug|Any CPU
		{BA68B96D-F453-480B-8B59-BD4E48EF833A}.Release|Any CPU.ActiveCfg = Release|Any CPU
		{BA68B96D-F453-480B-8B59-BD4E48EF833A}.Release|Any CPU.Build.0 = Release|Any CPU
		{47415D93-9DEC-4AC3-B6AF-D4FDC80CB93D}.Debug|Any CPU.ActiveCfg = Debug|Any CPU
		{47415D93-9DEC-4AC3-B6AF-D4FDC80CB93D}.Debug|Any CPU.Build.0 = Debug|Any CPU
		{47415D93-9DEC-4AC3-B6AF-D4FDC80CB93D}.Release|Any CPU.ActiveCfg = Release|Any CPU
		{47415D93-9DEC-4AC3-B6AF-D4FDC80CB93D}.Release|Any CPU.Build.0 = Release|Any CPU
		{50CFF5DF-2B36-47C7-B12F-E9EBFFDF75EA}.Debug|Any CPU.ActiveCfg = Debug|Any CPU
		{50CFF5DF-2B36-47C7-B12F-E9EBFFDF75EA}.Debug|Any CPU.Build.0 = Debug|Any CPU
		{50CFF5DF-2B36-47C7-B12F-E9EBFFDF75EA}.Release|Any CPU.ActiveCfg = Release|Any CPU
		{50CFF5DF-2B36-47C7-B12F-E9EBFFDF75EA}.Release|Any CPU.Build.0 = Release|Any CPU
		{D2BB5366-1B9E-45EF-B97C-26FE29B6A0F1}.Debug|Any CPU.ActiveCfg = Debug|Any CPU
		{D2BB5366-1B9E-45EF-B97C-26FE29B6A0F1}.Debug|Any CPU.Build.0 = Debug|Any CPU
		{D2BB5366-1B9E-45EF-B97C-26FE29B6A0F1}.Release|Any CPU.ActiveCfg = Release|Any CPU
		{D2BB5366-1B9E-45EF-B97C-26FE29B6A0F1}.Release|Any CPU.Build.0 = Release|Any CPU
		{8EFF3FE8-D464-4451-9F75-536B9C3DAACB}.Debug|Any CPU.ActiveCfg = Debug|Any CPU
		{8EFF3FE8-D464-4451-9F75-536B9C3DAACB}.Debug|Any CPU.Build.0 = Debug|Any CPU
		{8EFF3FE8-D464-4451-9F75-536B9C3DAACB}.Release|Any CPU.ActiveCfg = Release|Any CPU
		{8EFF3FE8-D464-4451-9F75-536B9C3DAACB}.Release|Any CPU.Build.0 = Release|Any CPU
		{AD73A449-52D9-4A2D-A2A4-2E3718BA4AA3}.Debug|Any CPU.ActiveCfg = Debug|Any CPU
		{AD73A449-52D9-4A2D-A2A4-2E3718BA4AA3}.Debug|Any CPU.Build.0 = Debug|Any CPU
		{AD73A449-52D9-4A2D-A2A4-2E3718BA4AA3}.Release|Any CPU.ActiveCfg = Release|Any CPU
		{AD73A449-52D9-4A2D-A2A4-2E3718BA4AA3}.Release|Any CPU.Build.0 = Release|Any CPU
		{693AA58B-C11D-41DE-B2E6-4A67D9DA6BF2}.Debug|Any CPU.ActiveCfg = Debug|Any CPU
		{693AA58B-C11D-41DE-B2E6-4A67D9DA6BF2}.Debug|Any CPU.Build.0 = Debug|Any CPU
		{693AA58B-C11D-41DE-B2E6-4A67D9DA6BF2}.Release|Any CPU.ActiveCfg = Release|Any CPU
		{693AA58B-C11D-41DE-B2E6-4A67D9DA6BF2}.Release|Any CPU.Build.0 = Release|Any CPU
		{8C920A13-82FB-4528-A5A7-7A86F99AE38B}.Debug|Any CPU.ActiveCfg = Debug|Any CPU
		{8C920A13-82FB-4528-A5A7-7A86F99AE38B}.Debug|Any CPU.Build.0 = Debug|Any CPU
		{8C920A13-82FB-4528-A5A7-7A86F99AE38B}.Release|Any CPU.ActiveCfg = Release|Any CPU
		{8C920A13-82FB-4528-A5A7-7A86F99AE38B}.Release|Any CPU.Build.0 = Release|Any CPU
		{A43594D7-9B74-42F6-89A4-55824ACFE446}.Debug|Any CPU.ActiveCfg = Debug|Any CPU
		{A43594D7-9B74-42F6-89A4-55824ACFE446}.Debug|Any CPU.Build.0 = Debug|Any CPU
		{A43594D7-9B74-42F6-89A4-55824ACFE446}.Release|Any CPU.ActiveCfg = Release|Any CPU
		{A43594D7-9B74-42F6-89A4-55824ACFE446}.Release|Any CPU.Build.0 = Release|Any CPU
		{6B5C0A75-699A-4636-A60B-4604FB5185A6}.Debug|Any CPU.ActiveCfg = Debug|Any CPU
		{6B5C0A75-699A-4636-A60B-4604FB5185A6}.Debug|Any CPU.Build.0 = Debug|Any CPU
		{6B5C0A75-699A-4636-A60B-4604FB5185A6}.Release|Any CPU.ActiveCfg = Release|Any CPU
		{6B5C0A75-699A-4636-A60B-4604FB5185A6}.Release|Any CPU.Build.0 = Release|Any CPU
		{877AE2C1-1F62-4CF9-97B4-6E58A92333AF}.Debug|Any CPU.ActiveCfg = Debug|Any CPU
		{877AE2C1-1F62-4CF9-97B4-6E58A92333AF}.Debug|Any CPU.Build.0 = Debug|Any CPU
		{877AE2C1-1F62-4CF9-97B4-6E58A92333AF}.Release|Any CPU.ActiveCfg = Release|Any CPU
		{877AE2C1-1F62-4CF9-97B4-6E58A92333AF}.Release|Any CPU.Build.0 = Release|Any CPU
	EndGlobalSection
	GlobalSection(SolutionProperties) = preSolution
		HideSolutionNode = FALSE
	EndGlobalSection
	GlobalSection(ExtensibilityGlobals) = postSolution
		SolutionGuid = {85403BDD-6D8E-43E5-80F1-A72DEE5160C1}
	EndGlobalSection
EndGlobal
