
Microsoft Visual Studio Solution File, Format Version 12.00
# Visual Studio Version 17
VisualStudioVersion = 17.2.32526.322
MinimumVisualStudioVersion = 10.0.40219.1
Project("{9A19103F-16F7-4668-BE54-9A1E7A4F7556}") = "Ch01", "Ch01\Ch01.csproj", "{9BFA067D-5ED5-4B36-8A22-D2BC987B90B5}"
EndProject
Project("{9A19103F-16F7-4668-BE54-9A1E7A4F7556}") = "Ch02", "Ch02\Ch02.csproj", "{46804E64-63A3-4197-91BF-7749406CB31A}"
EndProject
Project("{9A19103F-16F7-4668-BE54-9A1E7A4F7556}") = "Book", "Book\Book.csproj", "{F1501757-7D34-4872-847F-5015F4962433}"
EndProject
Project("{9A19103F-16F7-4668-BE54-9A1E7A4F7556}") = "Ch03", "Ch03\Ch03.csproj", "{4D1F38BE-2429-42F3-92ED-A0034480C999}"
EndProject
Project("{9A19103F-16F7-4668-BE54-9A1E7A4F7556}") = "Ch04", "Ch04\Ch04.csproj", "{BA68B96D-F453-480B-8B59-BD4E48EF833A}"
EndProject
Project("{9A19103F-16F7-4668-BE54-9A1E7A4F7556}") = "Ch05", "Ch05\Ch05.csproj", "{47415D93-9DEC-4AC3-B6AF-D4FDC80CB93D}"
EndProject
Project("{9A19103F-16F7-4668-BE54-9A1E7A4F7556}") = "Test", "Test\Test.csproj", "{50CFF5DF-2B36-47C7-B12F-E9EBFFDF75EA}"
EndProject
Project("{FAE04EC0-301F-11D3-BF4B-00C04F79EFBC}") = "Ch06", "Ch06\Ch06.csproj", "{D2BB5366-1B9E-45EF-B97C-26FE29B6A0F1}"
EndProject
Global
	GlobalSection(SolutionConfigurationPlatforms) = preSolution
		Debug|Any CPU = Debug|Any CPU
		Release|Any CPU = Release|Any CPU
	EndGlobalSection
	GlobalSection(ProjectConfigurationPlatforms) = postSolution
		{9BFA067D-5ED5-4B36-8A22-D2BC987B90B5}.Debug|Any CPU.ActiveCfg = Debug|Any CPU
		{9BFA067D-5ED5-4B36-8A22-D2BC987B90B5}.Debug|Any CPU.Build.0 = Debug|Any CPU
		{9BFA067D-5ED5-4B36-8A22-D2BC987B90B5}.Release|Any CPU.ActiveCfg = Release|Any CPU
		{9BFA067D-5ED5-4B36-8A22-D2BC987B90B5}.Release|Any CPU.Build.0 = Release|Any CPU
		{46804E64-63A3-4197-91BF-7749406CB31A}.Debug|Any CPU.ActiveCfg = Debug|Any CPU
		{46804E64-63A3-4197-91BF-7749406CB31A}.Debug|Any CPU.Build.0 = Debug|Any CPU
		{46804E64-63A3-4197-91BF-7749406CB31A}.Release|Any CPU.ActiveCfg = Release|Any CPU
		{46804E64-63A3-4197-91BF-7749406CB31A}.Release|Any CPU.Build.0 = Release|Any CPU
		{F1501757-7D34-4872-847F-5015F4962433}.Debug|Any CPU.ActiveCfg = Debug|Any CPU
		{F1501757-7D34-4872-847F-5015F4962433}.Debug|Any CPU.Build.0 = Debug|Any CPU
		{F1501757-7D34-4872-847F-5015F4962433}.Release|Any CPU.ActiveCfg = Release|Any CPU
		{F1501757-7D34-4872-847F-5015F4962433}.Release|Any CPU.Build.0 = Release|Any CPU
		{4D1F38BE-2429-42F3-92ED-A0034480C999}.Debug|Any CPU.ActiveCfg = Debug|Any CPU
		{4D1F38BE-2429-42F3-92ED-A0034480C999}.Debug|Any CPU.Build.0 = Debug|Any CPU
		{4D1F38BE-2429-42F3-92ED-A0034480C999}.Release|Any CPU.ActiveCfg = Release|Any CPU
		{4D1F38BE-2429-42F3-92ED-A0034480C999}.Release|Any CPU.Build.0 = Release|Any CPU
		{BA68B96D-F453-480B-8B59-BD4E48EF833A}.Debug|Any CPU.ActiveCfg = Debug|Any CPU
		{BA68B96D-F453-480B-8B59-BD4E48EF833A}.Debug|Any CPU.Build.0 = Debug|Any CPU
		{BA68B96D-F453-480B-8B59-BD4E48EF833A}.Release|Any CPU.ActiveCfg = Release|Any CPU
		{BA68B96D-F453-480B-8B59-BD4E48EF833A}.Release|Any CPU.Build.0 = Release|Any CPU
		{47415D93-9DEC-4AC3-B6AF-D4FDC80CB93D}.Debug|Any CPU.ActiveCfg = Debug|Any CPU
		{47415D93-9DEC-4AC3-B6AF-D4FDC80CB93D}.Debug|Any CPU.Build.0 = Debug|Any CPU
		{47415D93-9DEC-4AC3-B6AF-D4FDC80CB93D}.Release|Any CPU.ActiveCfg = Release|Any CPU
		{47415D93-9DEC-4AC3-B6AF-D4FDC80CB93D}.Release|Any CPU.Build.0 = Release|Any CPU
		{50CFF5DF-2B36-47C7-B12F-E9EBFFDF75EA}.Debug|Any CPU.ActiveCfg = Debug|Any CPU
		{50CFF5DF-2B36-47C7-B12F-E9EBFFDF75EA}.Debug|Any CPU.Build.0 = Debug|Any CPU
		{50CFF5DF-2B36-47C7-B12F-E9EBFFDF75EA}.Release|Any CPU.ActiveCfg = Release|Any CPU
		{50CFF5DF-2B36-47C7-B12F-E9EBFFDF75EA}.Release|Any CPU.Build.0 = Release|Any CPU
		{D2BB5366-1B9E-45EF-B97C-26FE29B6A0F1}.Debug|Any CPU.ActiveCfg = Debug|Any CPU
		{D2BB5366-1B9E-45EF-B97C-26FE29B6A0F1}.Debug|Any CPU.Build.0 = Debug|Any CPU
		{D2BB5366-1B9E-45EF-B97C-26FE29B6A0F1}.Release|Any CPU.ActiveCfg = Release|Any CPU
		{D2BB5366-1B9E-45EF-B97C-26FE29B6A0F1}.Release|Any CPU.Build.0 = Release|Any CPU
	EndGlobalSection
	GlobalSection(SolutionProperties) = preSolution
		HideSolutionNode = FALSE
	EndGlobalSection
	GlobalSection(ExtensibilityGlobals) = postSolution
		SolutionGuid = {85403BDD-6D8E-43E5-80F1-A72DEE5160C1}
	EndGlobalSection
EndGlobal
