
Microsoft Visual Studio Solution File, Format Version 12.00
# Visual Studio Version 17
VisualStudioVersion = 17.2.32526.322
MinimumVisualStudioVersion = 10.0.40219.1
Project("{FAE04EC0-301F-11D3-BF4B-00C04F79EFBC}") = "Ch01", "Ch01\Ch01.csproj", "{9BFA067D-5ED5-4B36-8A22-D2BC987B90B5}"
EndProject
Project("{FAE04EC0-301F-11D3-BF4B-00C04F79EFBC}") = "Ch02", "Ch02\Ch02.csproj", "{46804E64-63A3-4197-91BF-7749406CB31A}"
EndProject
Project("{FAE04EC0-301F-11D3-BF4B-00C04F79EFBC}") = "Book", "Book\Book.csproj", "{F1501757-7D34-4872-847F-5015F4962433}"
EndProject
Global
	GlobalSection(SolutionConfigurationPlatforms) = preSolution
		Debug|Any CPU = Debug|Any CPU
		Release|Any CPU = Release|Any CPU
	EndGlobalSection
	GlobalSection(ProjectConfigurationPlatforms) = postSolution
		{9BFA067D-5ED5-4B36-8A22-D2BC987B90B5}.Debug|Any CPU.ActiveCfg = Debug|Any CPU
		{9BFA067D-5ED5-4B36-8A22-D2BC987B90B5}.Debug|Any CPU.Build.0 = Debug|Any CPU
		{9BFA067D-5ED5-4B36-8A22-D2BC987B90B5}.Release|Any CPU.ActiveCfg = Release|Any CPU
		{9BFA067D-5ED5-4B36-8A22-D2BC987B90B5}.Release|Any CPU.Build.0 = Release|Any CPU
		{46804E64-63A3-4197-91BF-7749406CB31A}.Debug|Any CPU.ActiveCfg = Debug|Any CPU
		{46804E64-63A3-4197-91BF-7749406CB31A}.Debug|Any CPU.Build.0 = Debug|Any CPU
		{46804E64-63A3-4197-91BF-7749406CB31A}.Release|Any CPU.ActiveCfg = Release|Any CPU
		{46804E64-63A3-4197-91BF-7749406CB31A}.Release|Any CPU.Build.0 = Release|Any CPU
		{F1501757-7D34-4872-847F-5015F4962433}.Debug|Any CPU.ActiveCfg = Debug|Any CPU
		{F1501757-7D34-4872-847F-5015F4962433}.Debug|Any CPU.Build.0 = Debug|Any CPU
		{F1501757-7D34-4872-847F-5015F4962433}.Release|Any CPU.ActiveCfg = Release|Any CPU
		{F1501757-7D34-4872-847F-5015F4962433}.Release|Any CPU.Build.0 = Release|Any CPU
	EndGlobalSection
	GlobalSection(SolutionProperties) = preSolution
		HideSolutionNode = FALSE
	EndGlobalSection
	GlobalSection(ExtensibilityGlobals) = postSolution
		SolutionGuid = {85403BDD-6D8E-43E5-80F1-A72DEE5160C1}
	EndGlobalSection
EndGlobal
