
Microsoft Visual Studio Solution File, Format Version 12.00
# Visual Studio Version 17
VisualStudioVersion = 17.2.32526.322
MinimumVisualStudioVersion = 10.0.40219.1
Project("{FAE04EC0-301F-11D3-BF4B-00C04F79EFBC}") = "Backjoon", "Backjoon\Backjoon.csproj", "{7E1E1065-91F9-4BCF-BE06-47A4255DACEA}"
EndProject
Global
	GlobalSection(SolutionConfigurationPlatforms) = preSolution
		Debug|Any CPU = Debug|Any CPU
		Release|Any CPU = Release|Any CPU
	EndGlobalSection
	GlobalSection(ProjectConfigurationPlatforms) = postSolution
		{7E1E1065-91F9-4BCF-BE06-47A4255DACEA}.Debug|Any CPU.ActiveCfg = Debug|Any CPU
		{7E1E1065-91F9-4BCF-BE06-47A4255DACEA}.Debug|Any CPU.Build.0 = Debug|Any CPU
		{7E1E1065-91F9-4BCF-BE06-47A4255DACEA}.Release|Any CPU.ActiveCfg = Release|Any CPU
		{7E1E1065-91F9-4BCF-BE06-47A4255DACEA}.Release|Any CPU.Build.0 = Release|Any CPU
	EndGlobalSection
	GlobalSection(SolutionProperties) = preSolution
		HideSolutionNode = FALSE
	EndGlobalSection
	GlobalSection(ExtensibilityGlobals) = postSolution
		SolutionGuid = {4647199E-641B-4757-BD80-75530CD668FA}
	EndGlobalSection
EndGlobal
